
Microsoft Visual Studio Solution File, Format Version 12.00
# Visual Studio Version 16
VisualStudioVersion = 16.0.30717.126
MinimumVisualStudioVersion = 10.0.40219.1
Project("{9A19103F-16F7-4668-BE54-9A1E7A4F7556}") = "DevIO.Business", "src\DevIO.Business\DevIO.Business.csproj", "{1582232B-8777-4D76-8BC3-6FDC3223A81F}"
EndProject
Project("{9A19103F-16F7-4668-BE54-9A1E7A4F7556}") = "DevIO.Data", "src\DevIO.Data\DevIO.Data.csproj", "{BC334504-A78A-4EA8-8B15-EF7666A35E76}"
EndProject
Project("{FAE04EC0-301F-11D3-BF4B-00C04F79EFBC}") = "DevIO.Api", "src\DevIO.Api\DevIO.Api.csproj", "{BAD70537-A830-43EF-AC57-88DCEA9A6835}"
EndProject
Global
	GlobalSection(SolutionConfigurationPlatforms) = preSolution
		Debug|Any CPU = Debug|Any CPU
		Release|Any CPU = Release|Any CPU
	EndGlobalSection
	GlobalSection(ProjectConfigurationPlatforms) = postSolution
		{1582232B-8777-4D76-8BC3-6FDC3223A81F}.Debug|Any CPU.ActiveCfg = Debug|Any CPU
		{1582232B-8777-4D76-8BC3-6FDC3223A81F}.Debug|Any CPU.Build.0 = Debug|Any CPU
		{1582232B-8777-4D76-8BC3-6FDC3223A81F}.Release|Any CPU.ActiveCfg = Release|Any CPU
		{1582232B-8777-4D76-8BC3-6FDC3223A81F}.Release|Any CPU.Build.0 = Release|Any CPU
		{BC334504-A78A-4EA8-8B15-EF7666A35E76}.Debug|Any CPU.ActiveCfg = Debug|Any CPU
		{BC334504-A78A-4EA8-8B15-EF7666A35E76}.Debug|Any CPU.Build.0 = Debug|Any CPU
		{BC334504-A78A-4EA8-8B15-EF7666A35E76}.Release|Any CPU.ActiveCfg = Release|Any CPU
		{BC334504-A78A-4EA8-8B15-EF7666A35E76}.Release|Any CPU.Build.0 = Release|Any CPU
		{BAD70537-A830-43EF-AC57-88DCEA9A6835}.Debug|Any CPU.ActiveCfg = Debug|Any CPU
		{BAD70537-A830-43EF-AC57-88DCEA9A6835}.Debug|Any CPU.Build.0 = Debug|Any CPU
		{BAD70537-A830-43EF-AC57-88DCEA9A6835}.Release|Any CPU.ActiveCfg = Release|Any CPU
		{BAD70537-A830-43EF-AC57-88DCEA9A6835}.Release|Any CPU.Build.0 = Release|Any CPU
	EndGlobalSection
	GlobalSection(SolutionProperties) = preSolution
		HideSolutionNode = FALSE
	EndGlobalSection
	GlobalSection(ExtensibilityGlobals) = postSolution
		SolutionGuid = {D53B2E38-BD87-40E6-AF0A-9B1B04EE7EE1}
	EndGlobalSection
EndGlobal
